
Microsoft Visual Studio Solution File, Format Version 12.00
# Visual Studio Version 17
VisualStudioVersion = 17.7.34031.279
MinimumVisualStudioVersion = 10.0.40219.1
Project("{9A19103F-16F7-4668-BE54-9A1E7A4F7556}") = "WebAplicationTestMVC", "WebAplicationTestMVC\WebAplicationTestMVC.csproj", "{35A7662D-ECFD-424C-8FCD-CF75040E05A7}"
EndProject
Project("{2150E333-8FDC-42A3-9474-1A3956D46DE8}") = "Solution Items", "Solution Items", "{517E523A-6447-42D9-987D-244239F8ED31}"
	ProjectSection(SolutionItems) = preProject
		.editorconfig = .editorconfig
	EndProjectSection
EndProject
Project("{9A19103F-16F7-4668-BE54-9A1E7A4F7556}") = "WebApplicationTestMVCTests", "TestProject1\WebApplicationTestMVCTests.csproj", "{98D350F4-1863-42CA-9A60-DF7912503671}"
EndProject
Global
	GlobalSection(SolutionConfigurationPlatforms) = preSolution
		Debug|Any CPU = Debug|Any CPU
		Release|Any CPU = Release|Any CPU
	EndGlobalSection
	GlobalSection(ProjectConfigurationPlatforms) = postSolution
		{35A7662D-ECFD-424C-8FCD-CF75040E05A7}.Debug|Any CPU.ActiveCfg = Debug|Any CPU
		{35A7662D-ECFD-424C-8FCD-CF75040E05A7}.Debug|Any CPU.Build.0 = Debug|Any CPU
		{35A7662D-ECFD-424C-8FCD-CF75040E05A7}.Release|Any CPU.ActiveCfg = Release|Any CPU
		{35A7662D-ECFD-424C-8FCD-CF75040E05A7}.Release|Any CPU.Build.0 = Release|Any CPU
		{98D350F4-1863-42CA-9A60-DF7912503671}.Debug|Any CPU.ActiveCfg = Debug|Any CPU
		{98D350F4-1863-42CA-9A60-DF7912503671}.Debug|Any CPU.Build.0 = Debug|Any CPU
		{98D350F4-1863-42CA-9A60-DF7912503671}.Release|Any CPU.ActiveCfg = Release|Any CPU
		{98D350F4-1863-42CA-9A60-DF7912503671}.Release|Any CPU.Build.0 = Release|Any CPU
	EndGlobalSection
	GlobalSection(SolutionProperties) = preSolution
		HideSolutionNode = FALSE
	EndGlobalSection
	GlobalSection(ExtensibilityGlobals) = postSolution
		SolutionGuid = {2C9E887E-D788-4DFF-A34A-8A37523137AA}
	EndGlobalSection
EndGlobal
