
Microsoft Visual Studio Solution File, Format Version 12.00
# Visual Studio Version 17
VisualStudioVersion = 17.7.34024.191
MinimumVisualStudioVersion = 10.0.40219.1
Project("{FAE04EC0-301F-11D3-BF4B-00C04F79EFBC}") = "WebApplikacija", "WebApplikacija\WebApplikacija.csproj", "{8AFF2539-A1FE-4FF3-B881-46FFEE601F56}"
EndProject
Global
	GlobalSection(SolutionConfigurationPlatforms) = preSolution
		Debug|Any CPU = Debug|Any CPU
		Release|Any CPU = Release|Any CPU
	EndGlobalSection
	GlobalSection(ProjectConfigurationPlatforms) = postSolution
		{8AFF2539-A1FE-4FF3-B881-46FFEE601F56}.Debug|Any CPU.ActiveCfg = Debug|Any CPU
		{8AFF2539-A1FE-4FF3-B881-46FFEE601F56}.Debug|Any CPU.Build.0 = Debug|Any CPU
		{8AFF2539-A1FE-4FF3-B881-46FFEE601F56}.Release|Any CPU.ActiveCfg = Release|Any CPU
		{8AFF2539-A1FE-4FF3-B881-46FFEE601F56}.Release|Any CPU.Build.0 = Release|Any CPU
	EndGlobalSection
	GlobalSection(SolutionProperties) = preSolution
		HideSolutionNode = FALSE
	EndGlobalSection
	GlobalSection(ExtensibilityGlobals) = postSolution
		SolutionGuid = {8FC0441D-8366-4BFA-8B59-855F8CF7DB7E}
	EndGlobalSection
EndGlobal
